
Microsoft Visual Studio Solution File, Format Version 12.00
# Visual Studio Version 16
VisualStudioVersion = 16.0.30711.63
MinimumVisualStudioVersion = 10.0.40219.1
Project("{FAE04EC0-301F-11D3-BF4B-00C04F79EFBC}") = "Book_store", "Book_store.csproj", "{F352BDAF-F452-4DFA-8C81-36FB80949439}"
EndProject
Global
	GlobalSection(SolutionConfigurationPlatforms) = preSolution
		Debug|Any CPU = Debug|Any CPU
		Release|Any CPU = Release|Any CPU
	EndGlobalSection
	GlobalSection(ProjectConfigurationPlatforms) = postSolution
		{F352BDAF-F452-4DFA-8C81-36FB80949439}.Debug|Any CPU.ActiveCfg = Debug|Any CPU
		{F352BDAF-F452-4DFA-8C81-36FB80949439}.Debug|Any CPU.Build.0 = Debug|Any CPU
		{F352BDAF-F452-4DFA-8C81-36FB80949439}.Release|Any CPU.ActiveCfg = Release|Any CPU
		{F352BDAF-F452-4DFA-8C81-36FB80949439}.Release|Any CPU.Build.0 = Release|Any CPU
	EndGlobalSection
	GlobalSection(SolutionProperties) = preSolution
		HideSolutionNode = FALSE
	EndGlobalSection
	GlobalSection(ExtensibilityGlobals) = postSolution
		SolutionGuid = {ED890F10-E8B6-4FCE-AC09-ABDF895B93CD}
	EndGlobalSection
EndGlobal
